
Microsoft Visual Studio Solution File, Format Version 12.00
# Visual Studio 14
VisualStudioVersion = 14.0.25420.1
MinimumVisualStudioVersion = 10.0.40219.1
Project("{FAE04EC0-301F-11D3-BF4B-00C04F79EFBC}") = "ContosoUniversity", "ContosoUniversity\ContosoUniversity.csproj", "{F683DC02-E9CA-4805-9EB3-3091CC256F37}"
EndProject
Project("{FAE04EC0-301F-11D3-BF4B-00C04F79EFBC}") = "ContosoUniversity.Tests", "ContosoUniversity.Tests\ContosoUniversity.Tests.csproj", "{F78C81D1-7CF6-42A5-9882-DB2D3BA49430}"
EndProject
Global
	GlobalSection(SolutionConfigurationPlatforms) = preSolution
		Debug|Any CPU = Debug|Any CPU
		Release|Any CPU = Release|Any CPU
	EndGlobalSection
	GlobalSection(ProjectConfigurationPlatforms) = postSolution
		{F683DC02-E9CA-4805-9EB3-3091CC256F37}.Debug|Any CPU.ActiveCfg = Debug|Any CPU
		{F683DC02-E9CA-4805-9EB3-3091CC256F37}.Debug|Any CPU.Build.0 = Debug|Any CPU
		{F683DC02-E9CA-4805-9EB3-3091CC256F37}.Release|Any CPU.ActiveCfg = Release|Any CPU
		{F683DC02-E9CA-4805-9EB3-3091CC256F37}.Release|Any CPU.Build.0 = Release|Any CPU
		{F78C81D1-7CF6-42A5-9882-DB2D3BA49430}.Debug|Any CPU.ActiveCfg = Debug|Any CPU
		{F78C81D1-7CF6-42A5-9882-DB2D3BA49430}.Debug|Any CPU.Build.0 = Debug|Any CPU
		{F78C81D1-7CF6-42A5-9882-DB2D3BA49430}.Release|Any CPU.ActiveCfg = Release|Any CPU
		{F78C81D1-7CF6-42A5-9882-DB2D3BA49430}.Release|Any CPU.Build.0 = Release|Any CPU
	EndGlobalSection
	GlobalSection(SolutionProperties) = preSolution
		HideSolutionNode = FALSE
	EndGlobalSection
EndGlobal
